
Microsoft Visual Studio Solution File, Format Version 12.00
# Visual Studio 15
VisualStudioVersion = 15.0.26228.9
MinimumVisualStudioVersion = 10.0.40219.1
Project("{FAE04EC0-301F-11D3-BF4B-00C04F79EFBC}") = "PetfinderNet", "PetfinderNet\PetfinderNet.csproj", "{6EEC3580-AACD-4921-8663-ADBF5CCD636C}"
EndProject
Project("{FAE04EC0-301F-11D3-BF4B-00C04F79EFBC}") = "PetfinderNet.Tests", "PetfinderNet.Tests\PetfinderNet.Tests.csproj", "{FF66CD04-515D-4D7B-BC66-EA349F3A41E0}"
EndProject
Global
	GlobalSection(SolutionConfigurationPlatforms) = preSolution
		Debug|Any CPU = Debug|Any CPU
		Release|Any CPU = Release|Any CPU
	EndGlobalSection
	GlobalSection(ProjectConfigurationPlatforms) = postSolution
		{6EEC3580-AACD-4921-8663-ADBF5CCD636C}.Debug|Any CPU.ActiveCfg = Debug|Any CPU
		{6EEC3580-AACD-4921-8663-ADBF5CCD636C}.Debug|Any CPU.Build.0 = Debug|Any CPU
		{6EEC3580-AACD-4921-8663-ADBF5CCD636C}.Release|Any CPU.ActiveCfg = Release|Any CPU
		{6EEC3580-AACD-4921-8663-ADBF5CCD636C}.Release|Any CPU.Build.0 = Release|Any CPU
		{FF66CD04-515D-4D7B-BC66-EA349F3A41E0}.Debug|Any CPU.ActiveCfg = Debug|Any CPU
		{FF66CD04-515D-4D7B-BC66-EA349F3A41E0}.Debug|Any CPU.Build.0 = Debug|Any CPU
		{FF66CD04-515D-4D7B-BC66-EA349F3A41E0}.Release|Any CPU.ActiveCfg = Release|Any CPU
		{FF66CD04-515D-4D7B-BC66-EA349F3A41E0}.Release|Any CPU.Build.0 = Release|Any CPU
	EndGlobalSection
	GlobalSection(SolutionProperties) = preSolution
		HideSolutionNode = FALSE
	EndGlobalSection
EndGlobal
